
Microsoft Visual Studio Solution File, Format Version 12.00
# Visual Studio Version 17
VisualStudioVersion = 17.6.33723.286
MinimumVisualStudioVersion = 10.0.40219.1
Project("{2150E333-8FDC-42A3-9474-1A3956D46DE8}") = "src", "src", "{EF3E0D8F-CEEC-42C5-BB60-4D3CADE4FBFC}"
EndProject
Project("{2150E333-8FDC-42A3-9474-1A3956D46DE8}") = "0 - Presentation", "0 - Presentation", "{0DB3AD5C-DAC0-40DD-8199-BE95BB22D06C}"
EndProject
Project("{2150E333-8FDC-42A3-9474-1A3956D46DE8}") = "1 - Application", "1 - Application", "{390B9794-037D-417F-95F8-6E5AB510A922}"
EndProject
Project("{2150E333-8FDC-42A3-9474-1A3956D46DE8}") = "2 - Domain", "2 - Domain", "{51B527DA-0235-444B-82CD-244FC3685C70}"
EndProject
Project("{2150E333-8FDC-42A3-9474-1A3956D46DE8}") = "3 - Infra", "3 - Infra", "{73FF767E-A2FF-454F-B669-1DF62517F2F1}"
EndProject
Project("{2150E333-8FDC-42A3-9474-1A3956D46DE8}") = "Nugets", "Nugets", "{DF244DAB-CCFA-40A0-AE06-4B69DE3725A1}"
EndProject
Project("{FAE04EC0-301F-11D3-BF4B-00C04F79EFBC}") = "Clever.Application", "Clever.Application\Clever.Application.csproj", "{30875805-7D72-46AE-B508-4BF8016B5931}"
EndProject
Project("{FAE04EC0-301F-11D3-BF4B-00C04F79EFBC}") = "Clever.Domain", "Clever.Domain\Clever.Domain.csproj", "{C99F862F-5365-42EA-AD5E-8DEAF8FD1429}"
EndProject
Project("{FAE04EC0-301F-11D3-BF4B-00C04F79EFBC}") = "Clever.Domain.Core", "Clever.Domain.Core\Clever.Domain.Core.csproj", "{3E584301-E1DC-4F35-8BBC-3C6481FC5F7C}"
EndProject
Project("{FAE04EC0-301F-11D3-BF4B-00C04F79EFBC}") = "Clever.Domain.Services", "Clever.Domain.Services\Clever.Domain.Services.csproj", "{9422F4BF-0706-48FE-8B5E-C0DFF04A1B17}"
EndProject
Project("{2150E333-8FDC-42A3-9474-1A3956D46DE8}") = "CrossCutting", "CrossCutting", "{BC72CBE9-6492-4B5D-AD00-1D58DB507527}"
EndProject
Project("{2150E333-8FDC-42A3-9474-1A3956D46DE8}") = "Data", "Data", "{561F9A91-C4F8-424A-BC80-37C8E573F756}"
EndProject
Project("{FAE04EC0-301F-11D3-BF4B-00C04F79EFBC}") = "Clever.Infra.CrossCutting", "Clever.Infra.CrossCutting\Clever.Infra.CrossCutting.csproj", "{2EB4034A-58B0-4FF2-AC44-3EDF081C3CBA}"
EndProject
Project("{FAE04EC0-301F-11D3-BF4B-00C04F79EFBC}") = "Clever.Infra.Data.EntityFrameworkCore", "Clever.Infra.Data.EntityFrameworkCore\Clever.Infra.Data.EntityFrameworkCore.csproj", "{8A0E7676-47F3-44B5-9622-8131ED813C2E}"
EndProject
Project("{FAE04EC0-301F-11D3-BF4B-00C04F79EFBC}") = "Clever.Shared", "Clever.Shared\Clever.Shared.csproj", "{32B3F29D-912E-4E38-9278-21A499154097}"
EndProject
Project("{FAE04EC0-301F-11D3-BF4B-00C04F79EFBC}") = "UI", "UI\UI.csproj", "{1C4A97A3-DD41-4615-9D4C-6E0A23141DA2}"
EndProject
Global
	GlobalSection(SolutionConfigurationPlatforms) = preSolution
		Debug|Any CPU = Debug|Any CPU
		Release|Any CPU = Release|Any CPU
	EndGlobalSection
	GlobalSection(ProjectConfigurationPlatforms) = postSolution
		{30875805-7D72-46AE-B508-4BF8016B5931}.Debug|Any CPU.ActiveCfg = Debug|Any CPU
		{30875805-7D72-46AE-B508-4BF8016B5931}.Debug|Any CPU.Build.0 = Debug|Any CPU
		{30875805-7D72-46AE-B508-4BF8016B5931}.Release|Any CPU.ActiveCfg = Release|Any CPU
		{30875805-7D72-46AE-B508-4BF8016B5931}.Release|Any CPU.Build.0 = Release|Any CPU
		{C99F862F-5365-42EA-AD5E-8DEAF8FD1429}.Debug|Any CPU.ActiveCfg = Debug|Any CPU
		{C99F862F-5365-42EA-AD5E-8DEAF8FD1429}.Debug|Any CPU.Build.0 = Debug|Any CPU
		{C99F862F-5365-42EA-AD5E-8DEAF8FD1429}.Release|Any CPU.ActiveCfg = Release|Any CPU
		{C99F862F-5365-42EA-AD5E-8DEAF8FD1429}.Release|Any CPU.Build.0 = Release|Any CPU
		{3E584301-E1DC-4F35-8BBC-3C6481FC5F7C}.Debug|Any CPU.ActiveCfg = Debug|Any CPU
		{3E584301-E1DC-4F35-8BBC-3C6481FC5F7C}.Debug|Any CPU.Build.0 = Debug|Any CPU
		{3E584301-E1DC-4F35-8BBC-3C6481FC5F7C}.Release|Any CPU.ActiveCfg = Release|Any CPU
		{3E584301-E1DC-4F35-8BBC-3C6481FC5F7C}.Release|Any CPU.Build.0 = Release|Any CPU
		{9422F4BF-0706-48FE-8B5E-C0DFF04A1B17}.Debug|Any CPU.ActiveCfg = Debug|Any CPU
		{9422F4BF-0706-48FE-8B5E-C0DFF04A1B17}.Debug|Any CPU.Build.0 = Debug|Any CPU
		{9422F4BF-0706-48FE-8B5E-C0DFF04A1B17}.Release|Any CPU.ActiveCfg = Release|Any CPU
		{9422F4BF-0706-48FE-8B5E-C0DFF04A1B17}.Release|Any CPU.Build.0 = Release|Any CPU
		{2EB4034A-58B0-4FF2-AC44-3EDF081C3CBA}.Debug|Any CPU.ActiveCfg = Debug|Any CPU
		{2EB4034A-58B0-4FF2-AC44-3EDF081C3CBA}.Debug|Any CPU.Build.0 = Debug|Any CPU
		{2EB4034A-58B0-4FF2-AC44-3EDF081C3CBA}.Release|Any CPU.ActiveCfg = Release|Any CPU
		{2EB4034A-58B0-4FF2-AC44-3EDF081C3CBA}.Release|Any CPU.Build.0 = Release|Any CPU
		{8A0E7676-47F3-44B5-9622-8131ED813C2E}.Debug|Any CPU.ActiveCfg = Debug|Any CPU
		{8A0E7676-47F3-44B5-9622-8131ED813C2E}.Debug|Any CPU.Build.0 = Debug|Any CPU
		{8A0E7676-47F3-44B5-9622-8131ED813C2E}.Release|Any CPU.ActiveCfg = Release|Any CPU
		{8A0E7676-47F3-44B5-9622-8131ED813C2E}.Release|Any CPU.Build.0 = Release|Any CPU
		{32B3F29D-912E-4E38-9278-21A499154097}.Debug|Any CPU.ActiveCfg = Debug|Any CPU
		{32B3F29D-912E-4E38-9278-21A499154097}.Debug|Any CPU.Build.0 = Debug|Any CPU
		{32B3F29D-912E-4E38-9278-21A499154097}.Release|Any CPU.ActiveCfg = Release|Any CPU
		{32B3F29D-912E-4E38-9278-21A499154097}.Release|Any CPU.Build.0 = Release|Any CPU
		{1C4A97A3-DD41-4615-9D4C-6E0A23141DA2}.Debug|Any CPU.ActiveCfg = Debug|Any CPU
		{1C4A97A3-DD41-4615-9D4C-6E0A23141DA2}.Debug|Any CPU.Build.0 = Debug|Any CPU
		{1C4A97A3-DD41-4615-9D4C-6E0A23141DA2}.Release|Any CPU.ActiveCfg = Release|Any CPU
		{1C4A97A3-DD41-4615-9D4C-6E0A23141DA2}.Release|Any CPU.Build.0 = Release|Any CPU
	EndGlobalSection
	GlobalSection(SolutionProperties) = preSolution
		HideSolutionNode = FALSE
	EndGlobalSection
	GlobalSection(NestedProjects) = preSolution
		{0DB3AD5C-DAC0-40DD-8199-BE95BB22D06C} = {EF3E0D8F-CEEC-42C5-BB60-4D3CADE4FBFC}
		{390B9794-037D-417F-95F8-6E5AB510A922} = {EF3E0D8F-CEEC-42C5-BB60-4D3CADE4FBFC}
		{51B527DA-0235-444B-82CD-244FC3685C70} = {EF3E0D8F-CEEC-42C5-BB60-4D3CADE4FBFC}
		{73FF767E-A2FF-454F-B669-1DF62517F2F1} = {EF3E0D8F-CEEC-42C5-BB60-4D3CADE4FBFC}
		{DF244DAB-CCFA-40A0-AE06-4B69DE3725A1} = {EF3E0D8F-CEEC-42C5-BB60-4D3CADE4FBFC}
		{30875805-7D72-46AE-B508-4BF8016B5931} = {390B9794-037D-417F-95F8-6E5AB510A922}
		{C99F862F-5365-42EA-AD5E-8DEAF8FD1429} = {51B527DA-0235-444B-82CD-244FC3685C70}
		{3E584301-E1DC-4F35-8BBC-3C6481FC5F7C} = {51B527DA-0235-444B-82CD-244FC3685C70}
		{9422F4BF-0706-48FE-8B5E-C0DFF04A1B17} = {51B527DA-0235-444B-82CD-244FC3685C70}
		{BC72CBE9-6492-4B5D-AD00-1D58DB507527} = {73FF767E-A2FF-454F-B669-1DF62517F2F1}
		{561F9A91-C4F8-424A-BC80-37C8E573F756} = {73FF767E-A2FF-454F-B669-1DF62517F2F1}
		{2EB4034A-58B0-4FF2-AC44-3EDF081C3CBA} = {BC72CBE9-6492-4B5D-AD00-1D58DB507527}
		{8A0E7676-47F3-44B5-9622-8131ED813C2E} = {561F9A91-C4F8-424A-BC80-37C8E573F756}
		{32B3F29D-912E-4E38-9278-21A499154097} = {DF244DAB-CCFA-40A0-AE06-4B69DE3725A1}
		{1C4A97A3-DD41-4615-9D4C-6E0A23141DA2} = {0DB3AD5C-DAC0-40DD-8199-BE95BB22D06C}
	EndGlobalSection
	GlobalSection(ExtensibilityGlobals) = postSolution
		SolutionGuid = {1F4A7D43-9EDF-4821-AF25-621FE065A82A}
	EndGlobalSection
EndGlobal
